
Microsoft Visual Studio Solution File, Format Version 12.00
# Visual Studio Version 16
VisualStudioVersion = 16.0.31205.134
MinimumVisualStudioVersion = 10.0.40219.1
Project("{FAE04EC0-301F-11D3-BF4B-00C04F79EFBC}") = "TouchPortal.Plugin.AudioMonitor", "TouchPortal.Plugin.AudioMonitor\TouchPortal.Plugin.AudioMonitor.csproj", "{0EB8E77A-0989-4B6B-928F-7D5C3929B625}"
EndProject
Global
	GlobalSection(SolutionConfigurationPlatforms) = preSolution
		Debug|Any CPU = Debug|Any CPU
		Release|Any CPU = Release|Any CPU
	EndGlobalSection
	GlobalSection(ProjectConfigurationPlatforms) = postSolution
		{0EB8E77A-0989-4B6B-928F-7D5C3929B625}.Debug|Any CPU.ActiveCfg = Debug|Any CPU
		{0EB8E77A-0989-4B6B-928F-7D5C3929B625}.Debug|Any CPU.Build.0 = Debug|Any CPU
		{0EB8E77A-0989-4B6B-928F-7D5C3929B625}.Release|Any CPU.ActiveCfg = Release|Any CPU
		{0EB8E77A-0989-4B6B-928F-7D5C3929B625}.Release|Any CPU.Build.0 = Release|Any CPU
	EndGlobalSection
	GlobalSection(SolutionProperties) = preSolution
		HideSolutionNode = FALSE
	EndGlobalSection
	GlobalSection(ExtensibilityGlobals) = postSolution
		SolutionGuid = {3F70E6C2-934E-483F-AAD8-A8395DA48124}
	EndGlobalSection
EndGlobal
